
Microsoft Visual Studio Solution File, Format Version 12.00
# Visual Studio Express 15 for Windows Desktop
VisualStudioVersion = 15.0.28010.2050
MinimumVisualStudioVersion = 10.0.40219.1
Project("{FAE04EC0-301F-11D3-BF4B-00C04F79EFBC}") = "MainCorreo", "MainCorreo\MainCorreo.csproj", "{26DD7E79-9CCE-4F39-9FD6-EE2CDE10914D}"
EndProject
Project("{FAE04EC0-301F-11D3-BF4B-00C04F79EFBC}") = "Entidades", "Entidades\Entidades.csproj", "{CAEF3B00-99C8-4EF0-9333-C25854DC42C7}"
EndProject
Project("{FAE04EC0-301F-11D3-BF4B-00C04F79EFBC}") = "TestUnitarios", "TestUnitarios\TestUnitarios.csproj", "{1B5BCCAA-5D59-46F2-91EE-106B1590A52A}"
EndProject
Global
	GlobalSection(SolutionConfigurationPlatforms) = preSolution
		Debug|Any CPU = Debug|Any CPU
		Release|Any CPU = Release|Any CPU
	EndGlobalSection
	GlobalSection(ProjectConfigurationPlatforms) = postSolution
		{26DD7E79-9CCE-4F39-9FD6-EE2CDE10914D}.Debug|Any CPU.ActiveCfg = Debug|Any CPU
		{26DD7E79-9CCE-4F39-9FD6-EE2CDE10914D}.Debug|Any CPU.Build.0 = Debug|Any CPU
		{26DD7E79-9CCE-4F39-9FD6-EE2CDE10914D}.Release|Any CPU.ActiveCfg = Release|Any CPU
		{26DD7E79-9CCE-4F39-9FD6-EE2CDE10914D}.Release|Any CPU.Build.0 = Release|Any CPU
		{CAEF3B00-99C8-4EF0-9333-C25854DC42C7}.Debug|Any CPU.ActiveCfg = Debug|Any CPU
		{CAEF3B00-99C8-4EF0-9333-C25854DC42C7}.Debug|Any CPU.Build.0 = Debug|Any CPU
		{CAEF3B00-99C8-4EF0-9333-C25854DC42C7}.Release|Any CPU.ActiveCfg = Release|Any CPU
		{CAEF3B00-99C8-4EF0-9333-C25854DC42C7}.Release|Any CPU.Build.0 = Release|Any CPU
		{1B5BCCAA-5D59-46F2-91EE-106B1590A52A}.Debug|Any CPU.ActiveCfg = Debug|Any CPU
		{1B5BCCAA-5D59-46F2-91EE-106B1590A52A}.Debug|Any CPU.Build.0 = Debug|Any CPU
		{1B5BCCAA-5D59-46F2-91EE-106B1590A52A}.Release|Any CPU.ActiveCfg = Release|Any CPU
		{1B5BCCAA-5D59-46F2-91EE-106B1590A52A}.Release|Any CPU.Build.0 = Release|Any CPU
	EndGlobalSection
	GlobalSection(SolutionProperties) = preSolution
		HideSolutionNode = FALSE
	EndGlobalSection
	GlobalSection(ExtensibilityGlobals) = postSolution
		SolutionGuid = {76A04298-9B39-43B4-BA71-8BB7D31A5676}
	EndGlobalSection
EndGlobal
